<Solution>
  <Folder Name="/src/" />
  <Folder Name="/src/Auth/">
    <Project Path="Casia-backend.src.Auth.API/Casia-backend.src.Auth.API.csproj" Id="da26764a-0099-4ff4-9d37-a796d53a0c75" />
    <Project Path="Casia-backend.src.Auth.Infrastructure/Casia-backend.src.Auth.Infrastructure.csproj" Id="5fb68112-75b8-41e3-acfe-de871997caa4" />
  </Folder>
  <Folder Name="/src/Auth/Core/">
    <Project Path="Casia-backend.src.Auth.Core.Application/Casia-backend.src.Auth.Core.Application.csproj" Id="268fb00b-557f-4128-a6e2-1053dfa21f31" />
    <Project Path="Casia-backend.src.Auth.Core.Domain/Casia-backend.src.Auth.Core.Domain.csproj" Id="8d4478b5-1614-45d4-8880-565f394a591e" />
  </Folder>
  <Folder Name="/src/Inventory/">
    <Project Path="Casia-backend.src.Inventory.API/Casia-backend.src.Inventory.API.csproj" />
    <Project Path="Casia-backend.src.Inventory.Infrastructure/Casia-backend.src.Inventory.Infrastructure.csproj" />
  </Folder>
  <Folder Name="/src/Inventory/Core/">
    <Project Path="Casia-backend.src.Inventory.Core.Application/Casia-backend.src.Inventory.Core.Application.csproj" />
    <Project Path="Casia-backend.src.Inventory.Core.Domain/Casia-backend.src.Inventory.Core.Domain.csproj" />
  </Folder>
  <Folder Name="/src/Main/">
    <Project Path="Casia-backend.src.Main.API/Casia-backend.src.Main.API.csproj" />
    <Project Path="Casia-backend.src.Main.Infrastructure/Casia-backend.src.Main.Infrastructure.csproj" />
  </Folder>
  <Folder Name="/src/Main/Core/">
    <Project Path="Casia-backend.src.Main.Core.Application/Casia-backend.src.Main.Core.Application.csproj" />
    <Project Path="Casia-backend.src.Main.Core.Domain/Casia-backend.src.Main.Core.Domain.csproj" />
  </Folder>
  <Folder Name="/src/Operations/">
    <Project Path="Casia-backend.src.Operations.API/Casia-backend.src.Operations.API.csproj" />
    <Project Path="Casia-backend.src.Operations.Infrastructure/Casia-backend.src.Operations.Infrastructure.csproj" />
  </Folder>
  <Folder Name="/src/Operations/Core/">
    <Project Path="Casia-backend.src.Operations.Core.Application/Casia-backend.src.Operations.Core.Application.csproj" />
    <Project Path="Casia-backend.src.Operations.Core.Domain/Casia-backend.src.Operations.Core.Domain.csproj" />
  </Folder>
  <Folder Name="/src/Shared/">
    <Project Path="Casia-backend.src.Shared/Casia-backend.src.Shared.csproj" Id="674af6fc-18b9-44e7-bcf7-f80cd20295d0" />
  </Folder>
  <Folder Name="/src/System/">
    <Project Path="Casia-backend.src.System.API/Casia-backend.src.System.API.csproj" />
    <Project Path="Casia-backend.src.System.Infrastructure/Casia-backend.src.System.Infrastructure.csproj" />
  </Folder>
  <Folder Name="/src/System/Core/">
    <Project Path="Casia-backend.src.System.Core.Application/Casia-backend.src.System.Core.Application.csproj" />
    <Project Path="Casia-backend.src.System.Core.Domain/Casia-backend.src.System.Core.Domain.csproj" />
  </Folder>
  <Folder Name="/tst/" />
  <Folder Name="/tst/Inventory/">
    <Project Path="Casia-backend.tst.Inventory.Tests/Casia-backend.tst.Inventory.Tests.csproj" />
  </Folder>
  <Folder Name="/tst/Main/">
    <Project Path="Casia-backend.tst.Main.Tests/Casia-backend.tst.Main.Tests.csproj" />
  </Folder>
  <Folder Name="/tst/Operations/">
    <Project Path="Casia-backend.tst.Operations.Tests/Casia-backend.tst.Operations.Tests.csproj" />
  </Folder>
  <Folder Name="/tst/System/">
    <Project Path="Casia-backend.tst.System.Tests/Casia-backend.tst.System.Tests.csproj" />
  </Folder>
</Solution>
